
Microsoft Visual Studio Solution File, Format Version 12.00
# Visual Studio Version 16
VisualStudioVersion = 16.0.28803.156
MinimumVisualStudioVersion = 10.0.40219.1
Project("{FAE04EC0-301F-11D3-BF4B-00C04F79EFBC}") = "MobileApp.Android", "MobileApp.Android\MobileApp.Android.csproj", "{44C3E7FD-8231-4673-B4E6-30B150F01FC5}"
EndProject
Project("{FAE04EC0-301F-11D3-BF4B-00C04F79EFBC}") = "MobileApp.iOS", "MobileApp.iOS\MobileApp.iOS.csproj", "{65C88186-F4A1-4AC4-AC27-E3FD078F0D9C}"
EndProject
Project("{9A19103F-16F7-4668-BE54-9A1E7A4F7556}") = "MobileApp", "MobileApp\MobileApp.csproj", "{011EA947-216B-4311-B4F9-BB54F52C26CD}"
EndProject
Project("{9A19103F-16F7-4668-BE54-9A1E7A4F7556}") = "LibStandard", "LibStandard\LibStandard.csproj", "{D2B0C65B-812F-42A8-83A8-E88D8278A36F}"
EndProject
Project("{9A19103F-16F7-4668-BE54-9A1E7A4F7556}") = "LibCore", "LibCore\LibCore.csproj", "{4E74D539-EDCC-44C3-8FD0-25F4DF548121}"
EndProject
Project("{9A19103F-16F7-4668-BE54-9A1E7A4F7556}") = "Randoms", "Randoms\Randoms.csproj", "{B419F6F3-0AA1-427D-BAD9-14992C12F2CF}"
EndProject
Project("{9A19103F-16F7-4668-BE54-9A1E7A4F7556}") = "WebMvc", "WebMvc\WebMvc.csproj", "{026A97D7-55D3-4CB6-80BC-1E520A2AAC2D}"
EndProject
Project("{FAE04EC0-301F-11D3-BF4B-00C04F79EFBC}") = "WebSpa", "WebSpa\WebSpa.csproj", "{355DB478-1D36-4972-9DD3-6977EC7BD5EF}"
EndProject
Global
	GlobalSection(SolutionConfigurationPlatforms) = preSolution
		Debug|Any CPU = Debug|Any CPU
		Debug|iPhone = Debug|iPhone
		Debug|iPhoneSimulator = Debug|iPhoneSimulator
		Default|Any CPU = Default|Any CPU
		Default|iPhone = Default|iPhone
		Default|iPhoneSimulator = Default|iPhoneSimulator
		Release|Any CPU = Release|Any CPU
		Release|iPhone = Release|iPhone
		Release|iPhoneSimulator = Release|iPhoneSimulator
	EndGlobalSection
	GlobalSection(ProjectConfigurationPlatforms) = postSolution
		{44C3E7FD-8231-4673-B4E6-30B150F01FC5}.Debug|Any CPU.ActiveCfg = Debug|Any CPU
		{44C3E7FD-8231-4673-B4E6-30B150F01FC5}.Debug|Any CPU.Build.0 = Debug|Any CPU
		{44C3E7FD-8231-4673-B4E6-30B150F01FC5}.Debug|Any CPU.Deploy.0 = Debug|Any CPU
		{44C3E7FD-8231-4673-B4E6-30B150F01FC5}.Debug|iPhone.ActiveCfg = Debug|Any CPU
		{44C3E7FD-8231-4673-B4E6-30B150F01FC5}.Debug|iPhone.Build.0 = Debug|Any CPU
		{44C3E7FD-8231-4673-B4E6-30B150F01FC5}.Debug|iPhoneSimulator.ActiveCfg = Debug|Any CPU
		{44C3E7FD-8231-4673-B4E6-30B150F01FC5}.Debug|iPhoneSimulator.Build.0 = Debug|Any CPU
		{44C3E7FD-8231-4673-B4E6-30B150F01FC5}.Default|Any CPU.ActiveCfg = Debug|Any CPU
		{44C3E7FD-8231-4673-B4E6-30B150F01FC5}.Default|Any CPU.Build.0 = Debug|Any CPU
		{44C3E7FD-8231-4673-B4E6-30B150F01FC5}.Default|iPhone.ActiveCfg = Debug|Any CPU
		{44C3E7FD-8231-4673-B4E6-30B150F01FC5}.Default|iPhone.Build.0 = Debug|Any CPU
		{44C3E7FD-8231-4673-B4E6-30B150F01FC5}.Default|iPhone.Deploy.0 = Debug|Any CPU
		{44C3E7FD-8231-4673-B4E6-30B150F01FC5}.Default|iPhoneSimulator.ActiveCfg = Debug|Any CPU
		{44C3E7FD-8231-4673-B4E6-30B150F01FC5}.Default|iPhoneSimulator.Build.0 = Debug|Any CPU
		{44C3E7FD-8231-4673-B4E6-30B150F01FC5}.Default|iPhoneSimulator.Deploy.0 = Debug|Any CPU
		{44C3E7FD-8231-4673-B4E6-30B150F01FC5}.Release|Any CPU.ActiveCfg = Release|Any CPU
		{44C3E7FD-8231-4673-B4E6-30B150F01FC5}.Release|Any CPU.Build.0 = Release|Any CPU
		{44C3E7FD-8231-4673-B4E6-30B150F01FC5}.Release|iPhone.ActiveCfg = Release|Any CPU
		{44C3E7FD-8231-4673-B4E6-30B150F01FC5}.Release|iPhone.Build.0 = Release|Any CPU
		{44C3E7FD-8231-4673-B4E6-30B150F01FC5}.Release|iPhoneSimulator.ActiveCfg = Release|Any CPU
		{44C3E7FD-8231-4673-B4E6-30B150F01FC5}.Release|iPhoneSimulator.Build.0 = Release|Any CPU
		{65C88186-F4A1-4AC4-AC27-E3FD078F0D9C}.Debug|Any CPU.ActiveCfg = Debug|iPhoneSimulator
		{65C88186-F4A1-4AC4-AC27-E3FD078F0D9C}.Debug|Any CPU.Build.0 = Debug|iPhoneSimulator
		{65C88186-F4A1-4AC4-AC27-E3FD078F0D9C}.Debug|iPhone.ActiveCfg = Debug|iPhone
		{65C88186-F4A1-4AC4-AC27-E3FD078F0D9C}.Debug|iPhone.Build.0 = Debug|iPhone
		{65C88186-F4A1-4AC4-AC27-E3FD078F0D9C}.Debug|iPhoneSimulator.ActiveCfg = Debug|iPhoneSimulator
		{65C88186-F4A1-4AC4-AC27-E3FD078F0D9C}.Debug|iPhoneSimulator.Build.0 = Debug|iPhoneSimulator
		{65C88186-F4A1-4AC4-AC27-E3FD078F0D9C}.Default|Any CPU.ActiveCfg = Debug|iPhoneSimulator
		{65C88186-F4A1-4AC4-AC27-E3FD078F0D9C}.Default|Any CPU.Build.0 = Debug|iPhoneSimulator
		{65C88186-F4A1-4AC4-AC27-E3FD078F0D9C}.Default|iPhone.ActiveCfg = Debug|iPhone
		{65C88186-F4A1-4AC4-AC27-E3FD078F0D9C}.Default|iPhone.Build.0 = Debug|iPhone
		{65C88186-F4A1-4AC4-AC27-E3FD078F0D9C}.Default|iPhoneSimulator.ActiveCfg = Debug|iPhoneSimulator
		{65C88186-F4A1-4AC4-AC27-E3FD078F0D9C}.Default|iPhoneSimulator.Build.0 = Debug|iPhoneSimulator
		{65C88186-F4A1-4AC4-AC27-E3FD078F0D9C}.Release|Any CPU.ActiveCfg = Release|iPhoneSimulator
		{65C88186-F4A1-4AC4-AC27-E3FD078F0D9C}.Release|Any CPU.Build.0 = Release|iPhoneSimulator
		{65C88186-F4A1-4AC4-AC27-E3FD078F0D9C}.Release|iPhone.ActiveCfg = Release|iPhone
		{65C88186-F4A1-4AC4-AC27-E3FD078F0D9C}.Release|iPhone.Build.0 = Release|iPhone
		{65C88186-F4A1-4AC4-AC27-E3FD078F0D9C}.Release|iPhoneSimulator.ActiveCfg = Release|iPhoneSimulator
		{65C88186-F4A1-4AC4-AC27-E3FD078F0D9C}.Release|iPhoneSimulator.Build.0 = Release|iPhoneSimulator
		{011EA947-216B-4311-B4F9-BB54F52C26CD}.Debug|Any CPU.ActiveCfg = Debug|Any CPU
		{011EA947-216B-4311-B4F9-BB54F52C26CD}.Debug|Any CPU.Build.0 = Debug|Any CPU
		{011EA947-216B-4311-B4F9-BB54F52C26CD}.Debug|iPhone.ActiveCfg = Debug|Any CPU
		{011EA947-216B-4311-B4F9-BB54F52C26CD}.Debug|iPhone.Build.0 = Debug|Any CPU
		{011EA947-216B-4311-B4F9-BB54F52C26CD}.Debug|iPhoneSimulator.ActiveCfg = Debug|Any CPU
		{011EA947-216B-4311-B4F9-BB54F52C26CD}.Debug|iPhoneSimulator.Build.0 = Debug|Any CPU
		{011EA947-216B-4311-B4F9-BB54F52C26CD}.Default|Any CPU.ActiveCfg = Debug|Any CPU
		{011EA947-216B-4311-B4F9-BB54F52C26CD}.Default|Any CPU.Build.0 = Debug|Any CPU
		{011EA947-216B-4311-B4F9-BB54F52C26CD}.Default|iPhone.ActiveCfg = Debug|Any CPU
		{011EA947-216B-4311-B4F9-BB54F52C26CD}.Default|iPhone.Build.0 = Debug|Any CPU
		{011EA947-216B-4311-B4F9-BB54F52C26CD}.Default|iPhoneSimulator.ActiveCfg = Debug|Any CPU
		{011EA947-216B-4311-B4F9-BB54F52C26CD}.Default|iPhoneSimulator.Build.0 = Debug|Any CPU
		{011EA947-216B-4311-B4F9-BB54F52C26CD}.Release|Any CPU.ActiveCfg = Release|Any CPU
		{011EA947-216B-4311-B4F9-BB54F52C26CD}.Release|Any CPU.Build.0 = Release|Any CPU
		{011EA947-216B-4311-B4F9-BB54F52C26CD}.Release|iPhone.ActiveCfg = Release|Any CPU
		{011EA947-216B-4311-B4F9-BB54F52C26CD}.Release|iPhone.Build.0 = Release|Any CPU
		{011EA947-216B-4311-B4F9-BB54F52C26CD}.Release|iPhoneSimulator.ActiveCfg = Release|Any CPU
		{011EA947-216B-4311-B4F9-BB54F52C26CD}.Release|iPhoneSimulator.Build.0 = Release|Any CPU
		{D2B0C65B-812F-42A8-83A8-E88D8278A36F}.Debug|Any CPU.ActiveCfg = Debug|Any CPU
		{D2B0C65B-812F-42A8-83A8-E88D8278A36F}.Debug|Any CPU.Build.0 = Debug|Any CPU
		{D2B0C65B-812F-42A8-83A8-E88D8278A36F}.Debug|iPhone.ActiveCfg = Debug|Any CPU
		{D2B0C65B-812F-42A8-83A8-E88D8278A36F}.Debug|iPhone.Build.0 = Debug|Any CPU
		{D2B0C65B-812F-42A8-83A8-E88D8278A36F}.Debug|iPhoneSimulator.ActiveCfg = Debug|Any CPU
		{D2B0C65B-812F-42A8-83A8-E88D8278A36F}.Debug|iPhoneSimulator.Build.0 = Debug|Any CPU
		{D2B0C65B-812F-42A8-83A8-E88D8278A36F}.Default|Any CPU.ActiveCfg = Debug|Any CPU
		{D2B0C65B-812F-42A8-83A8-E88D8278A36F}.Default|Any CPU.Build.0 = Debug|Any CPU
		{D2B0C65B-812F-42A8-83A8-E88D8278A36F}.Default|iPhone.ActiveCfg = Debug|Any CPU
		{D2B0C65B-812F-42A8-83A8-E88D8278A36F}.Default|iPhone.Build.0 = Debug|Any CPU
		{D2B0C65B-812F-42A8-83A8-E88D8278A36F}.Default|iPhoneSimulator.ActiveCfg = Debug|Any CPU
		{D2B0C65B-812F-42A8-83A8-E88D8278A36F}.Default|iPhoneSimulator.Build.0 = Debug|Any CPU
		{D2B0C65B-812F-42A8-83A8-E88D8278A36F}.Release|Any CPU.ActiveCfg = Release|Any CPU
		{D2B0C65B-812F-42A8-83A8-E88D8278A36F}.Release|Any CPU.Build.0 = Release|Any CPU
		{D2B0C65B-812F-42A8-83A8-E88D8278A36F}.Release|iPhone.ActiveCfg = Release|Any CPU
		{D2B0C65B-812F-42A8-83A8-E88D8278A36F}.Release|iPhone.Build.0 = Release|Any CPU
		{D2B0C65B-812F-42A8-83A8-E88D8278A36F}.Release|iPhoneSimulator.ActiveCfg = Release|Any CPU
		{D2B0C65B-812F-42A8-83A8-E88D8278A36F}.Release|iPhoneSimulator.Build.0 = Release|Any CPU
		{4E74D539-EDCC-44C3-8FD0-25F4DF548121}.Debug|Any CPU.ActiveCfg = Debug|Any CPU
		{4E74D539-EDCC-44C3-8FD0-25F4DF548121}.Debug|Any CPU.Build.0 = Debug|Any CPU
		{4E74D539-EDCC-44C3-8FD0-25F4DF548121}.Debug|iPhone.ActiveCfg = Debug|Any CPU
		{4E74D539-EDCC-44C3-8FD0-25F4DF548121}.Debug|iPhone.Build.0 = Debug|Any CPU
		{4E74D539-EDCC-44C3-8FD0-25F4DF548121}.Debug|iPhoneSimulator.ActiveCfg = Debug|Any CPU
		{4E74D539-EDCC-44C3-8FD0-25F4DF548121}.Debug|iPhoneSimulator.Build.0 = Debug|Any CPU
		{4E74D539-EDCC-44C3-8FD0-25F4DF548121}.Default|Any CPU.ActiveCfg = Debug|Any CPU
		{4E74D539-EDCC-44C3-8FD0-25F4DF548121}.Default|Any CPU.Build.0 = Debug|Any CPU
		{4E74D539-EDCC-44C3-8FD0-25F4DF548121}.Default|iPhone.ActiveCfg = Debug|Any CPU
		{4E74D539-EDCC-44C3-8FD0-25F4DF548121}.Default|iPhone.Build.0 = Debug|Any CPU
		{4E74D539-EDCC-44C3-8FD0-25F4DF548121}.Default|iPhoneSimulator.ActiveCfg = Debug|Any CPU
		{4E74D539-EDCC-44C3-8FD0-25F4DF548121}.Default|iPhoneSimulator.Build.0 = Debug|Any CPU
		{4E74D539-EDCC-44C3-8FD0-25F4DF548121}.Release|Any CPU.ActiveCfg = Release|Any CPU
		{4E74D539-EDCC-44C3-8FD0-25F4DF548121}.Release|Any CPU.Build.0 = Release|Any CPU
		{4E74D539-EDCC-44C3-8FD0-25F4DF548121}.Release|iPhone.ActiveCfg = Release|Any CPU
		{4E74D539-EDCC-44C3-8FD0-25F4DF548121}.Release|iPhone.Build.0 = Release|Any CPU
		{4E74D539-EDCC-44C3-8FD0-25F4DF548121}.Release|iPhoneSimulator.ActiveCfg = Release|Any CPU
		{4E74D539-EDCC-44C3-8FD0-25F4DF548121}.Release|iPhoneSimulator.Build.0 = Release|Any CPU
		{B419F6F3-0AA1-427D-BAD9-14992C12F2CF}.Debug|Any CPU.ActiveCfg = Debug|Any CPU
		{B419F6F3-0AA1-427D-BAD9-14992C12F2CF}.Debug|Any CPU.Build.0 = Debug|Any CPU
		{B419F6F3-0AA1-427D-BAD9-14992C12F2CF}.Debug|iPhone.ActiveCfg = Debug|Any CPU
		{B419F6F3-0AA1-427D-BAD9-14992C12F2CF}.Debug|iPhone.Build.0 = Debug|Any CPU
		{B419F6F3-0AA1-427D-BAD9-14992C12F2CF}.Debug|iPhoneSimulator.ActiveCfg = Debug|Any CPU
		{B419F6F3-0AA1-427D-BAD9-14992C12F2CF}.Debug|iPhoneSimulator.Build.0 = Debug|Any CPU
		{B419F6F3-0AA1-427D-BAD9-14992C12F2CF}.Default|Any CPU.ActiveCfg = Debug|Any CPU
		{B419F6F3-0AA1-427D-BAD9-14992C12F2CF}.Default|Any CPU.Build.0 = Debug|Any CPU
		{B419F6F3-0AA1-427D-BAD9-14992C12F2CF}.Default|iPhone.ActiveCfg = Debug|Any CPU
		{B419F6F3-0AA1-427D-BAD9-14992C12F2CF}.Default|iPhone.Build.0 = Debug|Any CPU
		{B419F6F3-0AA1-427D-BAD9-14992C12F2CF}.Default|iPhoneSimulator.ActiveCfg = Debug|Any CPU
		{B419F6F3-0AA1-427D-BAD9-14992C12F2CF}.Default|iPhoneSimulator.Build.0 = Debug|Any CPU
		{B419F6F3-0AA1-427D-BAD9-14992C12F2CF}.Release|Any CPU.ActiveCfg = Release|Any CPU
		{B419F6F3-0AA1-427D-BAD9-14992C12F2CF}.Release|Any CPU.Build.0 = Release|Any CPU
		{B419F6F3-0AA1-427D-BAD9-14992C12F2CF}.Release|iPhone.ActiveCfg = Release|Any CPU
		{B419F6F3-0AA1-427D-BAD9-14992C12F2CF}.Release|iPhone.Build.0 = Release|Any CPU
		{B419F6F3-0AA1-427D-BAD9-14992C12F2CF}.Release|iPhoneSimulator.ActiveCfg = Release|Any CPU
		{B419F6F3-0AA1-427D-BAD9-14992C12F2CF}.Release|iPhoneSimulator.Build.0 = Release|Any CPU
		{026A97D7-55D3-4CB6-80BC-1E520A2AAC2D}.Debug|Any CPU.ActiveCfg = Debug|Any CPU
		{026A97D7-55D3-4CB6-80BC-1E520A2AAC2D}.Debug|Any CPU.Build.0 = Debug|Any CPU
		{026A97D7-55D3-4CB6-80BC-1E520A2AAC2D}.Debug|iPhone.ActiveCfg = Debug|Any CPU
		{026A97D7-55D3-4CB6-80BC-1E520A2AAC2D}.Debug|iPhone.Build.0 = Debug|Any CPU
		{026A97D7-55D3-4CB6-80BC-1E520A2AAC2D}.Debug|iPhoneSimulator.ActiveCfg = Debug|Any CPU
		{026A97D7-55D3-4CB6-80BC-1E520A2AAC2D}.Debug|iPhoneSimulator.Build.0 = Debug|Any CPU
		{026A97D7-55D3-4CB6-80BC-1E520A2AAC2D}.Default|Any CPU.ActiveCfg = Debug|Any CPU
		{026A97D7-55D3-4CB6-80BC-1E520A2AAC2D}.Default|Any CPU.Build.0 = Debug|Any CPU
		{026A97D7-55D3-4CB6-80BC-1E520A2AAC2D}.Default|iPhone.ActiveCfg = Debug|Any CPU
		{026A97D7-55D3-4CB6-80BC-1E520A2AAC2D}.Default|iPhone.Build.0 = Debug|Any CPU
		{026A97D7-55D3-4CB6-80BC-1E520A2AAC2D}.Default|iPhoneSimulator.ActiveCfg = Debug|Any CPU
		{026A97D7-55D3-4CB6-80BC-1E520A2AAC2D}.Default|iPhoneSimulator.Build.0 = Debug|Any CPU
		{026A97D7-55D3-4CB6-80BC-1E520A2AAC2D}.Release|Any CPU.ActiveCfg = Release|Any CPU
		{026A97D7-55D3-4CB6-80BC-1E520A2AAC2D}.Release|Any CPU.Build.0 = Release|Any CPU
		{026A97D7-55D3-4CB6-80BC-1E520A2AAC2D}.Release|iPhone.ActiveCfg = Release|Any CPU
		{026A97D7-55D3-4CB6-80BC-1E520A2AAC2D}.Release|iPhone.Build.0 = Release|Any CPU
		{026A97D7-55D3-4CB6-80BC-1E520A2AAC2D}.Release|iPhoneSimulator.ActiveCfg = Release|Any CPU
		{026A97D7-55D3-4CB6-80BC-1E520A2AAC2D}.Release|iPhoneSimulator.Build.0 = Release|Any CPU
		{355DB478-1D36-4972-9DD3-6977EC7BD5EF}.Debug|Any CPU.ActiveCfg = Debug|Any CPU
		{355DB478-1D36-4972-9DD3-6977EC7BD5EF}.Debug|Any CPU.Build.0 = Debug|Any CPU
		{355DB478-1D36-4972-9DD3-6977EC7BD5EF}.Debug|iPhone.ActiveCfg = Debug|Any CPU
		{355DB478-1D36-4972-9DD3-6977EC7BD5EF}.Debug|iPhone.Build.0 = Debug|Any CPU
		{355DB478-1D36-4972-9DD3-6977EC7BD5EF}.Debug|iPhoneSimulator.ActiveCfg = Debug|Any CPU
		{355DB478-1D36-4972-9DD3-6977EC7BD5EF}.Debug|iPhoneSimulator.Build.0 = Debug|Any CPU
		{355DB478-1D36-4972-9DD3-6977EC7BD5EF}.Default|Any CPU.ActiveCfg = Debug|Any CPU
		{355DB478-1D36-4972-9DD3-6977EC7BD5EF}.Default|Any CPU.Build.0 = Debug|Any CPU
		{355DB478-1D36-4972-9DD3-6977EC7BD5EF}.Default|iPhone.ActiveCfg = Debug|Any CPU
		{355DB478-1D36-4972-9DD3-6977EC7BD5EF}.Default|iPhone.Build.0 = Debug|Any CPU
		{355DB478-1D36-4972-9DD3-6977EC7BD5EF}.Default|iPhoneSimulator.ActiveCfg = Debug|Any CPU
		{355DB478-1D36-4972-9DD3-6977EC7BD5EF}.Default|iPhoneSimulator.Build.0 = Debug|Any CPU
		{355DB478-1D36-4972-9DD3-6977EC7BD5EF}.Release|Any CPU.ActiveCfg = Release|Any CPU
		{355DB478-1D36-4972-9DD3-6977EC7BD5EF}.Release|Any CPU.Build.0 = Release|Any CPU
		{355DB478-1D36-4972-9DD3-6977EC7BD5EF}.Release|iPhone.ActiveCfg = Release|Any CPU
		{355DB478-1D36-4972-9DD3-6977EC7BD5EF}.Release|iPhone.Build.0 = Release|Any CPU
		{355DB478-1D36-4972-9DD3-6977EC7BD5EF}.Release|iPhoneSimulator.ActiveCfg = Release|Any CPU
		{355DB478-1D36-4972-9DD3-6977EC7BD5EF}.Release|iPhoneSimulator.Build.0 = Release|Any CPU
	EndGlobalSection
	GlobalSection(SolutionProperties) = preSolution
		HideSolutionNode = FALSE
	EndGlobalSection
	GlobalSection(ExtensibilityGlobals) = postSolution
		SolutionGuid = {FD4DA982-14BA-4D3F-9599-4BF32618FAE2}
	EndGlobalSection
EndGlobal
