
Microsoft Visual Studio Solution File, Format Version 12.00
# Visual Studio Version 16
VisualStudioVersion = 16.0.28803.156
MinimumVisualStudioVersion = 10.0.40219.1
Project("{9A19103F-16F7-4668-BE54-9A1E7A4F7556}") = "LibStandard", "LibStandard\LibStandard.csproj", "{D2B0C65B-812F-42A8-83A8-E88D8278A36F}"
EndProject
Project("{9A19103F-16F7-4668-BE54-9A1E7A4F7556}") = "LibCore", "LibCore\LibCore.csproj", "{4E74D539-EDCC-44C3-8FD0-25F4DF548121}"
EndProject
Project("{9A19103F-16F7-4668-BE54-9A1E7A4F7556}") = "Randoms", "Randoms\Randoms.csproj", "{B419F6F3-0AA1-427D-BAD9-14992C12F2CF}"
EndProject
Project("{9A19103F-16F7-4668-BE54-9A1E7A4F7556}") = "WebMvc", "WebMvc\WebMvc.csproj", "{026A97D7-55D3-4CB6-80BC-1E520A2AAC2D}"
EndProject
Project("{9A19103F-16F7-4668-BE54-9A1E7A4F7556}") = "WebSpa", "WebSpa\WebSpa.csproj", "{355DB478-1D36-4972-9DD3-6977EC7BD5EF}"
EndProject
Project("{FAE04EC0-301F-11D3-BF4B-00C04F79EFBC}") = "MobileApp.UWP", "MobileApp\MobileApp.UWP\MobileApp.UWP.csproj", "{358E5371-6094-46B2-8C07-F65877AC7468}"
EndProject
Project("{FAE04EC0-301F-11D3-BF4B-00C04F79EFBC}") = "MobileApp.Android", "MobileApp\MobileApp.Android\MobileApp.Android.csproj", "{C62873D0-AA46-4BC5-AF01-96CD59257D0F}"
EndProject
Project("{FAE04EC0-301F-11D3-BF4B-00C04F79EFBC}") = "MobileApp.iOS", "MobileApp\MobileApp.iOS\MobileApp.iOS.csproj", "{2C8ED5AC-E06C-4A33-96EE-A3E93906177D}"
EndProject
Project("{FAE04EC0-301F-11D3-BF4B-00C04F79EFBC}") = "MobileApp", "MobileApp\MobileApp\MobileApp.csproj", "{BB00213C-97F9-47B6-BB45-7395DC8C7195}"
EndProject
Global
	GlobalSection(SolutionConfigurationPlatforms) = preSolution
		Debug|Any CPU = Debug|Any CPU
		Debug|ARM = Debug|ARM
		Debug|iPhone = Debug|iPhone
		Debug|iPhoneSimulator = Debug|iPhoneSimulator
		Debug|x64 = Debug|x64
		Debug|x86 = Debug|x86
		Default|Any CPU = Default|Any CPU
		Default|ARM = Default|ARM
		Default|iPhone = Default|iPhone
		Default|iPhoneSimulator = Default|iPhoneSimulator
		Default|x64 = Default|x64
		Default|x86 = Default|x86
		Release|Any CPU = Release|Any CPU
		Release|ARM = Release|ARM
		Release|iPhone = Release|iPhone
		Release|iPhoneSimulator = Release|iPhoneSimulator
		Release|x64 = Release|x64
		Release|x86 = Release|x86
	EndGlobalSection
	GlobalSection(ProjectConfigurationPlatforms) = postSolution
		{D2B0C65B-812F-42A8-83A8-E88D8278A36F}.Debug|Any CPU.ActiveCfg = Debug|Any CPU
		{D2B0C65B-812F-42A8-83A8-E88D8278A36F}.Debug|Any CPU.Build.0 = Debug|Any CPU
		{D2B0C65B-812F-42A8-83A8-E88D8278A36F}.Debug|ARM.ActiveCfg = Debug|Any CPU
		{D2B0C65B-812F-42A8-83A8-E88D8278A36F}.Debug|ARM.Build.0 = Debug|Any CPU
		{D2B0C65B-812F-42A8-83A8-E88D8278A36F}.Debug|iPhone.ActiveCfg = Debug|Any CPU
		{D2B0C65B-812F-42A8-83A8-E88D8278A36F}.Debug|iPhone.Build.0 = Debug|Any CPU
		{D2B0C65B-812F-42A8-83A8-E88D8278A36F}.Debug|iPhoneSimulator.ActiveCfg = Debug|Any CPU
		{D2B0C65B-812F-42A8-83A8-E88D8278A36F}.Debug|iPhoneSimulator.Build.0 = Debug|Any CPU
		{D2B0C65B-812F-42A8-83A8-E88D8278A36F}.Debug|x64.ActiveCfg = Debug|Any CPU
		{D2B0C65B-812F-42A8-83A8-E88D8278A36F}.Debug|x64.Build.0 = Debug|Any CPU
		{D2B0C65B-812F-42A8-83A8-E88D8278A36F}.Debug|x86.ActiveCfg = Debug|Any CPU
		{D2B0C65B-812F-42A8-83A8-E88D8278A36F}.Debug|x86.Build.0 = Debug|Any CPU
		{D2B0C65B-812F-42A8-83A8-E88D8278A36F}.Default|Any CPU.ActiveCfg = Debug|Any CPU
		{D2B0C65B-812F-42A8-83A8-E88D8278A36F}.Default|Any CPU.Build.0 = Debug|Any CPU
		{D2B0C65B-812F-42A8-83A8-E88D8278A36F}.Default|ARM.ActiveCfg = Debug|Any CPU
		{D2B0C65B-812F-42A8-83A8-E88D8278A36F}.Default|ARM.Build.0 = Debug|Any CPU
		{D2B0C65B-812F-42A8-83A8-E88D8278A36F}.Default|iPhone.ActiveCfg = Debug|Any CPU
		{D2B0C65B-812F-42A8-83A8-E88D8278A36F}.Default|iPhone.Build.0 = Debug|Any CPU
		{D2B0C65B-812F-42A8-83A8-E88D8278A36F}.Default|iPhoneSimulator.ActiveCfg = Debug|Any CPU
		{D2B0C65B-812F-42A8-83A8-E88D8278A36F}.Default|iPhoneSimulator.Build.0 = Debug|Any CPU
		{D2B0C65B-812F-42A8-83A8-E88D8278A36F}.Default|x64.ActiveCfg = Debug|Any CPU
		{D2B0C65B-812F-42A8-83A8-E88D8278A36F}.Default|x64.Build.0 = Debug|Any CPU
		{D2B0C65B-812F-42A8-83A8-E88D8278A36F}.Default|x86.ActiveCfg = Debug|Any CPU
		{D2B0C65B-812F-42A8-83A8-E88D8278A36F}.Default|x86.Build.0 = Debug|Any CPU
		{D2B0C65B-812F-42A8-83A8-E88D8278A36F}.Release|Any CPU.ActiveCfg = Release|Any CPU
		{D2B0C65B-812F-42A8-83A8-E88D8278A36F}.Release|Any CPU.Build.0 = Release|Any CPU
		{D2B0C65B-812F-42A8-83A8-E88D8278A36F}.Release|ARM.ActiveCfg = Release|Any CPU
		{D2B0C65B-812F-42A8-83A8-E88D8278A36F}.Release|ARM.Build.0 = Release|Any CPU
		{D2B0C65B-812F-42A8-83A8-E88D8278A36F}.Release|iPhone.ActiveCfg = Release|Any CPU
		{D2B0C65B-812F-42A8-83A8-E88D8278A36F}.Release|iPhone.Build.0 = Release|Any CPU
		{D2B0C65B-812F-42A8-83A8-E88D8278A36F}.Release|iPhoneSimulator.ActiveCfg = Release|Any CPU
		{D2B0C65B-812F-42A8-83A8-E88D8278A36F}.Release|iPhoneSimulator.Build.0 = Release|Any CPU
		{D2B0C65B-812F-42A8-83A8-E88D8278A36F}.Release|x64.ActiveCfg = Release|Any CPU
		{D2B0C65B-812F-42A8-83A8-E88D8278A36F}.Release|x64.Build.0 = Release|Any CPU
		{D2B0C65B-812F-42A8-83A8-E88D8278A36F}.Release|x86.ActiveCfg = Release|Any CPU
		{D2B0C65B-812F-42A8-83A8-E88D8278A36F}.Release|x86.Build.0 = Release|Any CPU
		{4E74D539-EDCC-44C3-8FD0-25F4DF548121}.Debug|Any CPU.ActiveCfg = Debug|Any CPU
		{4E74D539-EDCC-44C3-8FD0-25F4DF548121}.Debug|Any CPU.Build.0 = Debug|Any CPU
		{4E74D539-EDCC-44C3-8FD0-25F4DF548121}.Debug|ARM.ActiveCfg = Debug|Any CPU
		{4E74D539-EDCC-44C3-8FD0-25F4DF548121}.Debug|ARM.Build.0 = Debug|Any CPU
		{4E74D539-EDCC-44C3-8FD0-25F4DF548121}.Debug|iPhone.ActiveCfg = Debug|Any CPU
		{4E74D539-EDCC-44C3-8FD0-25F4DF548121}.Debug|iPhone.Build.0 = Debug|Any CPU
		{4E74D539-EDCC-44C3-8FD0-25F4DF548121}.Debug|iPhoneSimulator.ActiveCfg = Debug|Any CPU
		{4E74D539-EDCC-44C3-8FD0-25F4DF548121}.Debug|iPhoneSimulator.Build.0 = Debug|Any CPU
		{4E74D539-EDCC-44C3-8FD0-25F4DF548121}.Debug|x64.ActiveCfg = Debug|Any CPU
		{4E74D539-EDCC-44C3-8FD0-25F4DF548121}.Debug|x64.Build.0 = Debug|Any CPU
		{4E74D539-EDCC-44C3-8FD0-25F4DF548121}.Debug|x86.ActiveCfg = Debug|Any CPU
		{4E74D539-EDCC-44C3-8FD0-25F4DF548121}.Debug|x86.Build.0 = Debug|Any CPU
		{4E74D539-EDCC-44C3-8FD0-25F4DF548121}.Default|Any CPU.ActiveCfg = Debug|Any CPU
		{4E74D539-EDCC-44C3-8FD0-25F4DF548121}.Default|Any CPU.Build.0 = Debug|Any CPU
		{4E74D539-EDCC-44C3-8FD0-25F4DF548121}.Default|ARM.ActiveCfg = Debug|Any CPU
		{4E74D539-EDCC-44C3-8FD0-25F4DF548121}.Default|ARM.Build.0 = Debug|Any CPU
		{4E74D539-EDCC-44C3-8FD0-25F4DF548121}.Default|iPhone.ActiveCfg = Debug|Any CPU
		{4E74D539-EDCC-44C3-8FD0-25F4DF548121}.Default|iPhone.Build.0 = Debug|Any CPU
		{4E74D539-EDCC-44C3-8FD0-25F4DF548121}.Default|iPhoneSimulator.ActiveCfg = Debug|Any CPU
		{4E74D539-EDCC-44C3-8FD0-25F4DF548121}.Default|iPhoneSimulator.Build.0 = Debug|Any CPU
		{4E74D539-EDCC-44C3-8FD0-25F4DF548121}.Default|x64.ActiveCfg = Debug|Any CPU
		{4E74D539-EDCC-44C3-8FD0-25F4DF548121}.Default|x64.Build.0 = Debug|Any CPU
		{4E74D539-EDCC-44C3-8FD0-25F4DF548121}.Default|x86.ActiveCfg = Debug|Any CPU
		{4E74D539-EDCC-44C3-8FD0-25F4DF548121}.Default|x86.Build.0 = Debug|Any CPU
		{4E74D539-EDCC-44C3-8FD0-25F4DF548121}.Release|Any CPU.ActiveCfg = Release|Any CPU
		{4E74D539-EDCC-44C3-8FD0-25F4DF548121}.Release|Any CPU.Build.0 = Release|Any CPU
		{4E74D539-EDCC-44C3-8FD0-25F4DF548121}.Release|ARM.ActiveCfg = Release|Any CPU
		{4E74D539-EDCC-44C3-8FD0-25F4DF548121}.Release|ARM.Build.0 = Release|Any CPU
		{4E74D539-EDCC-44C3-8FD0-25F4DF548121}.Release|iPhone.ActiveCfg = Release|Any CPU
		{4E74D539-EDCC-44C3-8FD0-25F4DF548121}.Release|iPhone.Build.0 = Release|Any CPU
		{4E74D539-EDCC-44C3-8FD0-25F4DF548121}.Release|iPhoneSimulator.ActiveCfg = Release|Any CPU
		{4E74D539-EDCC-44C3-8FD0-25F4DF548121}.Release|iPhoneSimulator.Build.0 = Release|Any CPU
		{4E74D539-EDCC-44C3-8FD0-25F4DF548121}.Release|x64.ActiveCfg = Release|Any CPU
		{4E74D539-EDCC-44C3-8FD0-25F4DF548121}.Release|x64.Build.0 = Release|Any CPU
		{4E74D539-EDCC-44C3-8FD0-25F4DF548121}.Release|x86.ActiveCfg = Release|Any CPU
		{4E74D539-EDCC-44C3-8FD0-25F4DF548121}.Release|x86.Build.0 = Release|Any CPU
		{B419F6F3-0AA1-427D-BAD9-14992C12F2CF}.Debug|Any CPU.ActiveCfg = Debug|Any CPU
		{B419F6F3-0AA1-427D-BAD9-14992C12F2CF}.Debug|Any CPU.Build.0 = Debug|Any CPU
		{B419F6F3-0AA1-427D-BAD9-14992C12F2CF}.Debug|ARM.ActiveCfg = Debug|Any CPU
		{B419F6F3-0AA1-427D-BAD9-14992C12F2CF}.Debug|ARM.Build.0 = Debug|Any CPU
		{B419F6F3-0AA1-427D-BAD9-14992C12F2CF}.Debug|iPhone.ActiveCfg = Debug|Any CPU
		{B419F6F3-0AA1-427D-BAD9-14992C12F2CF}.Debug|iPhone.Build.0 = Debug|Any CPU
		{B419F6F3-0AA1-427D-BAD9-14992C12F2CF}.Debug|iPhoneSimulator.ActiveCfg = Debug|Any CPU
		{B419F6F3-0AA1-427D-BAD9-14992C12F2CF}.Debug|iPhoneSimulator.Build.0 = Debug|Any CPU
		{B419F6F3-0AA1-427D-BAD9-14992C12F2CF}.Debug|x64.ActiveCfg = Debug|Any CPU
		{B419F6F3-0AA1-427D-BAD9-14992C12F2CF}.Debug|x64.Build.0 = Debug|Any CPU
		{B419F6F3-0AA1-427D-BAD9-14992C12F2CF}.Debug|x86.ActiveCfg = Debug|Any CPU
		{B419F6F3-0AA1-427D-BAD9-14992C12F2CF}.Debug|x86.Build.0 = Debug|Any CPU
		{B419F6F3-0AA1-427D-BAD9-14992C12F2CF}.Default|Any CPU.ActiveCfg = Debug|Any CPU
		{B419F6F3-0AA1-427D-BAD9-14992C12F2CF}.Default|Any CPU.Build.0 = Debug|Any CPU
		{B419F6F3-0AA1-427D-BAD9-14992C12F2CF}.Default|ARM.ActiveCfg = Debug|Any CPU
		{B419F6F3-0AA1-427D-BAD9-14992C12F2CF}.Default|ARM.Build.0 = Debug|Any CPU
		{B419F6F3-0AA1-427D-BAD9-14992C12F2CF}.Default|iPhone.ActiveCfg = Debug|Any CPU
		{B419F6F3-0AA1-427D-BAD9-14992C12F2CF}.Default|iPhone.Build.0 = Debug|Any CPU
		{B419F6F3-0AA1-427D-BAD9-14992C12F2CF}.Default|iPhoneSimulator.ActiveCfg = Debug|Any CPU
		{B419F6F3-0AA1-427D-BAD9-14992C12F2CF}.Default|iPhoneSimulator.Build.0 = Debug|Any CPU
		{B419F6F3-0AA1-427D-BAD9-14992C12F2CF}.Default|x64.ActiveCfg = Debug|Any CPU
		{B419F6F3-0AA1-427D-BAD9-14992C12F2CF}.Default|x64.Build.0 = Debug|Any CPU
		{B419F6F3-0AA1-427D-BAD9-14992C12F2CF}.Default|x86.ActiveCfg = Debug|Any CPU
		{B419F6F3-0AA1-427D-BAD9-14992C12F2CF}.Default|x86.Build.0 = Debug|Any CPU
		{B419F6F3-0AA1-427D-BAD9-14992C12F2CF}.Release|Any CPU.ActiveCfg = Release|Any CPU
		{B419F6F3-0AA1-427D-BAD9-14992C12F2CF}.Release|Any CPU.Build.0 = Release|Any CPU
		{B419F6F3-0AA1-427D-BAD9-14992C12F2CF}.Release|ARM.ActiveCfg = Release|Any CPU
		{B419F6F3-0AA1-427D-BAD9-14992C12F2CF}.Release|ARM.Build.0 = Release|Any CPU
		{B419F6F3-0AA1-427D-BAD9-14992C12F2CF}.Release|iPhone.ActiveCfg = Release|Any CPU
		{B419F6F3-0AA1-427D-BAD9-14992C12F2CF}.Release|iPhone.Build.0 = Release|Any CPU
		{B419F6F3-0AA1-427D-BAD9-14992C12F2CF}.Release|iPhoneSimulator.ActiveCfg = Release|Any CPU
		{B419F6F3-0AA1-427D-BAD9-14992C12F2CF}.Release|iPhoneSimulator.Build.0 = Release|Any CPU
		{B419F6F3-0AA1-427D-BAD9-14992C12F2CF}.Release|x64.ActiveCfg = Release|Any CPU
		{B419F6F3-0AA1-427D-BAD9-14992C12F2CF}.Release|x64.Build.0 = Release|Any CPU
		{B419F6F3-0AA1-427D-BAD9-14992C12F2CF}.Release|x86.ActiveCfg = Release|Any CPU
		{B419F6F3-0AA1-427D-BAD9-14992C12F2CF}.Release|x86.Build.0 = Release|Any CPU
		{026A97D7-55D3-4CB6-80BC-1E520A2AAC2D}.Debug|Any CPU.ActiveCfg = Debug|Any CPU
		{026A97D7-55D3-4CB6-80BC-1E520A2AAC2D}.Debug|Any CPU.Build.0 = Debug|Any CPU
		{026A97D7-55D3-4CB6-80BC-1E520A2AAC2D}.Debug|ARM.ActiveCfg = Debug|Any CPU
		{026A97D7-55D3-4CB6-80BC-1E520A2AAC2D}.Debug|ARM.Build.0 = Debug|Any CPU
		{026A97D7-55D3-4CB6-80BC-1E520A2AAC2D}.Debug|iPhone.ActiveCfg = Debug|Any CPU
		{026A97D7-55D3-4CB6-80BC-1E520A2AAC2D}.Debug|iPhone.Build.0 = Debug|Any CPU
		{026A97D7-55D3-4CB6-80BC-1E520A2AAC2D}.Debug|iPhoneSimulator.ActiveCfg = Debug|Any CPU
		{026A97D7-55D3-4CB6-80BC-1E520A2AAC2D}.Debug|iPhoneSimulator.Build.0 = Debug|Any CPU
		{026A97D7-55D3-4CB6-80BC-1E520A2AAC2D}.Debug|x64.ActiveCfg = Debug|Any CPU
		{026A97D7-55D3-4CB6-80BC-1E520A2AAC2D}.Debug|x64.Build.0 = Debug|Any CPU
		{026A97D7-55D3-4CB6-80BC-1E520A2AAC2D}.Debug|x86.ActiveCfg = Debug|Any CPU
		{026A97D7-55D3-4CB6-80BC-1E520A2AAC2D}.Debug|x86.Build.0 = Debug|Any CPU
		{026A97D7-55D3-4CB6-80BC-1E520A2AAC2D}.Default|Any CPU.ActiveCfg = Debug|Any CPU
		{026A97D7-55D3-4CB6-80BC-1E520A2AAC2D}.Default|Any CPU.Build.0 = Debug|Any CPU
		{026A97D7-55D3-4CB6-80BC-1E520A2AAC2D}.Default|ARM.ActiveCfg = Debug|Any CPU
		{026A97D7-55D3-4CB6-80BC-1E520A2AAC2D}.Default|ARM.Build.0 = Debug|Any CPU
		{026A97D7-55D3-4CB6-80BC-1E520A2AAC2D}.Default|iPhone.ActiveCfg = Debug|Any CPU
		{026A97D7-55D3-4CB6-80BC-1E520A2AAC2D}.Default|iPhone.Build.0 = Debug|Any CPU
		{026A97D7-55D3-4CB6-80BC-1E520A2AAC2D}.Default|iPhoneSimulator.ActiveCfg = Debug|Any CPU
		{026A97D7-55D3-4CB6-80BC-1E520A2AAC2D}.Default|iPhoneSimulator.Build.0 = Debug|Any CPU
		{026A97D7-55D3-4CB6-80BC-1E520A2AAC2D}.Default|x64.ActiveCfg = Debug|Any CPU
		{026A97D7-55D3-4CB6-80BC-1E520A2AAC2D}.Default|x64.Build.0 = Debug|Any CPU
		{026A97D7-55D3-4CB6-80BC-1E520A2AAC2D}.Default|x86.ActiveCfg = Debug|Any CPU
		{026A97D7-55D3-4CB6-80BC-1E520A2AAC2D}.Default|x86.Build.0 = Debug|Any CPU
		{026A97D7-55D3-4CB6-80BC-1E520A2AAC2D}.Release|Any CPU.ActiveCfg = Release|Any CPU
		{026A97D7-55D3-4CB6-80BC-1E520A2AAC2D}.Release|Any CPU.Build.0 = Release|Any CPU
		{026A97D7-55D3-4CB6-80BC-1E520A2AAC2D}.Release|ARM.ActiveCfg = Release|Any CPU
		{026A97D7-55D3-4CB6-80BC-1E520A2AAC2D}.Release|ARM.Build.0 = Release|Any CPU
		{026A97D7-55D3-4CB6-80BC-1E520A2AAC2D}.Release|iPhone.ActiveCfg = Release|Any CPU
		{026A97D7-55D3-4CB6-80BC-1E520A2AAC2D}.Release|iPhone.Build.0 = Release|Any CPU
		{026A97D7-55D3-4CB6-80BC-1E520A2AAC2D}.Release|iPhoneSimulator.ActiveCfg = Release|Any CPU
		{026A97D7-55D3-4CB6-80BC-1E520A2AAC2D}.Release|iPhoneSimulator.Build.0 = Release|Any CPU
		{026A97D7-55D3-4CB6-80BC-1E520A2AAC2D}.Release|x64.ActiveCfg = Release|Any CPU
		{026A97D7-55D3-4CB6-80BC-1E520A2AAC2D}.Release|x64.Build.0 = Release|Any CPU
		{026A97D7-55D3-4CB6-80BC-1E520A2AAC2D}.Release|x86.ActiveCfg = Release|Any CPU
		{026A97D7-55D3-4CB6-80BC-1E520A2AAC2D}.Release|x86.Build.0 = Release|Any CPU
		{355DB478-1D36-4972-9DD3-6977EC7BD5EF}.Debug|Any CPU.ActiveCfg = Debug|Any CPU
		{355DB478-1D36-4972-9DD3-6977EC7BD5EF}.Debug|Any CPU.Build.0 = Debug|Any CPU
		{355DB478-1D36-4972-9DD3-6977EC7BD5EF}.Debug|ARM.ActiveCfg = Debug|Any CPU
		{355DB478-1D36-4972-9DD3-6977EC7BD5EF}.Debug|ARM.Build.0 = Debug|Any CPU
		{355DB478-1D36-4972-9DD3-6977EC7BD5EF}.Debug|iPhone.ActiveCfg = Debug|Any CPU
		{355DB478-1D36-4972-9DD3-6977EC7BD5EF}.Debug|iPhone.Build.0 = Debug|Any CPU
		{355DB478-1D36-4972-9DD3-6977EC7BD5EF}.Debug|iPhoneSimulator.ActiveCfg = Debug|Any CPU
		{355DB478-1D36-4972-9DD3-6977EC7BD5EF}.Debug|iPhoneSimulator.Build.0 = Debug|Any CPU
		{355DB478-1D36-4972-9DD3-6977EC7BD5EF}.Debug|x64.ActiveCfg = Debug|Any CPU
		{355DB478-1D36-4972-9DD3-6977EC7BD5EF}.Debug|x64.Build.0 = Debug|Any CPU
		{355DB478-1D36-4972-9DD3-6977EC7BD5EF}.Debug|x86.ActiveCfg = Debug|Any CPU
		{355DB478-1D36-4972-9DD3-6977EC7BD5EF}.Debug|x86.Build.0 = Debug|Any CPU
		{355DB478-1D36-4972-9DD3-6977EC7BD5EF}.Default|Any CPU.ActiveCfg = Debug|Any CPU
		{355DB478-1D36-4972-9DD3-6977EC7BD5EF}.Default|Any CPU.Build.0 = Debug|Any CPU
		{355DB478-1D36-4972-9DD3-6977EC7BD5EF}.Default|ARM.ActiveCfg = Debug|Any CPU
		{355DB478-1D36-4972-9DD3-6977EC7BD5EF}.Default|ARM.Build.0 = Debug|Any CPU
		{355DB478-1D36-4972-9DD3-6977EC7BD5EF}.Default|iPhone.ActiveCfg = Debug|Any CPU
		{355DB478-1D36-4972-9DD3-6977EC7BD5EF}.Default|iPhone.Build.0 = Debug|Any CPU
		{355DB478-1D36-4972-9DD3-6977EC7BD5EF}.Default|iPhoneSimulator.ActiveCfg = Debug|Any CPU
		{355DB478-1D36-4972-9DD3-6977EC7BD5EF}.Default|iPhoneSimulator.Build.0 = Debug|Any CPU
		{355DB478-1D36-4972-9DD3-6977EC7BD5EF}.Default|x64.ActiveCfg = Debug|Any CPU
		{355DB478-1D36-4972-9DD3-6977EC7BD5EF}.Default|x64.Build.0 = Debug|Any CPU
		{355DB478-1D36-4972-9DD3-6977EC7BD5EF}.Default|x86.ActiveCfg = Debug|Any CPU
		{355DB478-1D36-4972-9DD3-6977EC7BD5EF}.Default|x86.Build.0 = Debug|Any CPU
		{355DB478-1D36-4972-9DD3-6977EC7BD5EF}.Release|Any CPU.ActiveCfg = Release|Any CPU
		{355DB478-1D36-4972-9DD3-6977EC7BD5EF}.Release|Any CPU.Build.0 = Release|Any CPU
		{355DB478-1D36-4972-9DD3-6977EC7BD5EF}.Release|ARM.ActiveCfg = Release|Any CPU
		{355DB478-1D36-4972-9DD3-6977EC7BD5EF}.Release|ARM.Build.0 = Release|Any CPU
		{355DB478-1D36-4972-9DD3-6977EC7BD5EF}.Release|iPhone.ActiveCfg = Release|Any CPU
		{355DB478-1D36-4972-9DD3-6977EC7BD5EF}.Release|iPhone.Build.0 = Release|Any CPU
		{355DB478-1D36-4972-9DD3-6977EC7BD5EF}.Release|iPhoneSimulator.ActiveCfg = Release|Any CPU
		{355DB478-1D36-4972-9DD3-6977EC7BD5EF}.Release|iPhoneSimulator.Build.0 = Release|Any CPU
		{355DB478-1D36-4972-9DD3-6977EC7BD5EF}.Release|x64.ActiveCfg = Release|Any CPU
		{355DB478-1D36-4972-9DD3-6977EC7BD5EF}.Release|x64.Build.0 = Release|Any CPU
		{355DB478-1D36-4972-9DD3-6977EC7BD5EF}.Release|x86.ActiveCfg = Release|Any CPU
		{355DB478-1D36-4972-9DD3-6977EC7BD5EF}.Release|x86.Build.0 = Release|Any CPU
		{358E5371-6094-46B2-8C07-F65877AC7468}.Debug|Any CPU.ActiveCfg = Debug|x86
		{358E5371-6094-46B2-8C07-F65877AC7468}.Debug|ARM.ActiveCfg = Debug|ARM
		{358E5371-6094-46B2-8C07-F65877AC7468}.Debug|ARM.Build.0 = Debug|ARM
		{358E5371-6094-46B2-8C07-F65877AC7468}.Debug|ARM.Deploy.0 = Debug|ARM
		{358E5371-6094-46B2-8C07-F65877AC7468}.Debug|iPhone.ActiveCfg = Debug|x86
		{358E5371-6094-46B2-8C07-F65877AC7468}.Debug|iPhoneSimulator.ActiveCfg = Debug|x86
		{358E5371-6094-46B2-8C07-F65877AC7468}.Debug|x64.ActiveCfg = Debug|x64
		{358E5371-6094-46B2-8C07-F65877AC7468}.Debug|x64.Build.0 = Debug|x64
		{358E5371-6094-46B2-8C07-F65877AC7468}.Debug|x64.Deploy.0 = Debug|x64
		{358E5371-6094-46B2-8C07-F65877AC7468}.Debug|x86.ActiveCfg = Debug|x86
		{358E5371-6094-46B2-8C07-F65877AC7468}.Debug|x86.Build.0 = Debug|x86
		{358E5371-6094-46B2-8C07-F65877AC7468}.Debug|x86.Deploy.0 = Debug|x86
		{358E5371-6094-46B2-8C07-F65877AC7468}.Default|Any CPU.ActiveCfg = Release|x86
		{358E5371-6094-46B2-8C07-F65877AC7468}.Default|Any CPU.Build.0 = Release|x86
		{358E5371-6094-46B2-8C07-F65877AC7468}.Default|Any CPU.Deploy.0 = Release|x86
		{358E5371-6094-46B2-8C07-F65877AC7468}.Default|ARM.ActiveCfg = Debug|ARM
		{358E5371-6094-46B2-8C07-F65877AC7468}.Default|ARM.Build.0 = Debug|ARM
		{358E5371-6094-46B2-8C07-F65877AC7468}.Default|ARM.Deploy.0 = Debug|ARM
		{358E5371-6094-46B2-8C07-F65877AC7468}.Default|iPhone.ActiveCfg = Release|x86
		{358E5371-6094-46B2-8C07-F65877AC7468}.Default|iPhone.Build.0 = Release|x86
		{358E5371-6094-46B2-8C07-F65877AC7468}.Default|iPhone.Deploy.0 = Release|x86
		{358E5371-6094-46B2-8C07-F65877AC7468}.Default|iPhoneSimulator.ActiveCfg = Release|x86
		{358E5371-6094-46B2-8C07-F65877AC7468}.Default|iPhoneSimulator.Build.0 = Release|x86
		{358E5371-6094-46B2-8C07-F65877AC7468}.Default|iPhoneSimulator.Deploy.0 = Release|x86
		{358E5371-6094-46B2-8C07-F65877AC7468}.Default|x64.ActiveCfg = Debug|x64
		{358E5371-6094-46B2-8C07-F65877AC7468}.Default|x64.Build.0 = Debug|x64
		{358E5371-6094-46B2-8C07-F65877AC7468}.Default|x64.Deploy.0 = Debug|x64
		{358E5371-6094-46B2-8C07-F65877AC7468}.Default|x86.ActiveCfg = Debug|x86
		{358E5371-6094-46B2-8C07-F65877AC7468}.Default|x86.Build.0 = Debug|x86
		{358E5371-6094-46B2-8C07-F65877AC7468}.Default|x86.Deploy.0 = Debug|x86
		{358E5371-6094-46B2-8C07-F65877AC7468}.Release|Any CPU.ActiveCfg = Release|x86
		{358E5371-6094-46B2-8C07-F65877AC7468}.Release|ARM.ActiveCfg = Release|ARM
		{358E5371-6094-46B2-8C07-F65877AC7468}.Release|ARM.Build.0 = Release|ARM
		{358E5371-6094-46B2-8C07-F65877AC7468}.Release|ARM.Deploy.0 = Release|ARM
		{358E5371-6094-46B2-8C07-F65877AC7468}.Release|iPhone.ActiveCfg = Release|x86
		{358E5371-6094-46B2-8C07-F65877AC7468}.Release|iPhoneSimulator.ActiveCfg = Release|x86
		{358E5371-6094-46B2-8C07-F65877AC7468}.Release|x64.ActiveCfg = Release|x64
		{358E5371-6094-46B2-8C07-F65877AC7468}.Release|x64.Build.0 = Release|x64
		{358E5371-6094-46B2-8C07-F65877AC7468}.Release|x64.Deploy.0 = Release|x64
		{358E5371-6094-46B2-8C07-F65877AC7468}.Release|x86.ActiveCfg = Release|x86
		{358E5371-6094-46B2-8C07-F65877AC7468}.Release|x86.Build.0 = Release|x86
		{358E5371-6094-46B2-8C07-F65877AC7468}.Release|x86.Deploy.0 = Release|x86
		{C62873D0-AA46-4BC5-AF01-96CD59257D0F}.Debug|Any CPU.ActiveCfg = Debug|Any CPU
		{C62873D0-AA46-4BC5-AF01-96CD59257D0F}.Debug|Any CPU.Build.0 = Debug|Any CPU
		{C62873D0-AA46-4BC5-AF01-96CD59257D0F}.Debug|Any CPU.Deploy.0 = Debug|Any CPU
		{C62873D0-AA46-4BC5-AF01-96CD59257D0F}.Debug|ARM.ActiveCfg = Debug|Any CPU
		{C62873D0-AA46-4BC5-AF01-96CD59257D0F}.Debug|ARM.Build.0 = Debug|Any CPU
		{C62873D0-AA46-4BC5-AF01-96CD59257D0F}.Debug|ARM.Deploy.0 = Debug|Any CPU
		{C62873D0-AA46-4BC5-AF01-96CD59257D0F}.Debug|iPhone.ActiveCfg = Debug|Any CPU
		{C62873D0-AA46-4BC5-AF01-96CD59257D0F}.Debug|iPhone.Build.0 = Debug|Any CPU
		{C62873D0-AA46-4BC5-AF01-96CD59257D0F}.Debug|iPhone.Deploy.0 = Debug|Any CPU
		{C62873D0-AA46-4BC5-AF01-96CD59257D0F}.Debug|iPhoneSimulator.ActiveCfg = Debug|Any CPU
		{C62873D0-AA46-4BC5-AF01-96CD59257D0F}.Debug|iPhoneSimulator.Build.0 = Debug|Any CPU
		{C62873D0-AA46-4BC5-AF01-96CD59257D0F}.Debug|iPhoneSimulator.Deploy.0 = Debug|Any CPU
		{C62873D0-AA46-4BC5-AF01-96CD59257D0F}.Debug|x64.ActiveCfg = Debug|Any CPU
		{C62873D0-AA46-4BC5-AF01-96CD59257D0F}.Debug|x64.Build.0 = Debug|Any CPU
		{C62873D0-AA46-4BC5-AF01-96CD59257D0F}.Debug|x64.Deploy.0 = Debug|Any CPU
		{C62873D0-AA46-4BC5-AF01-96CD59257D0F}.Debug|x86.ActiveCfg = Debug|Any CPU
		{C62873D0-AA46-4BC5-AF01-96CD59257D0F}.Debug|x86.Build.0 = Debug|Any CPU
		{C62873D0-AA46-4BC5-AF01-96CD59257D0F}.Debug|x86.Deploy.0 = Debug|Any CPU
		{C62873D0-AA46-4BC5-AF01-96CD59257D0F}.Default|Any CPU.ActiveCfg = Debug|Any CPU
		{C62873D0-AA46-4BC5-AF01-96CD59257D0F}.Default|Any CPU.Build.0 = Debug|Any CPU
		{C62873D0-AA46-4BC5-AF01-96CD59257D0F}.Default|Any CPU.Deploy.0 = Debug|Any CPU
		{C62873D0-AA46-4BC5-AF01-96CD59257D0F}.Default|ARM.ActiveCfg = Debug|Any CPU
		{C62873D0-AA46-4BC5-AF01-96CD59257D0F}.Default|ARM.Build.0 = Debug|Any CPU
		{C62873D0-AA46-4BC5-AF01-96CD59257D0F}.Default|ARM.Deploy.0 = Debug|Any CPU
		{C62873D0-AA46-4BC5-AF01-96CD59257D0F}.Default|iPhone.ActiveCfg = Debug|Any CPU
		{C62873D0-AA46-4BC5-AF01-96CD59257D0F}.Default|iPhone.Build.0 = Debug|Any CPU
		{C62873D0-AA46-4BC5-AF01-96CD59257D0F}.Default|iPhone.Deploy.0 = Debug|Any CPU
		{C62873D0-AA46-4BC5-AF01-96CD59257D0F}.Default|iPhoneSimulator.ActiveCfg = Debug|Any CPU
		{C62873D0-AA46-4BC5-AF01-96CD59257D0F}.Default|iPhoneSimulator.Build.0 = Debug|Any CPU
		{C62873D0-AA46-4BC5-AF01-96CD59257D0F}.Default|iPhoneSimulator.Deploy.0 = Debug|Any CPU
		{C62873D0-AA46-4BC5-AF01-96CD59257D0F}.Default|x64.ActiveCfg = Debug|Any CPU
		{C62873D0-AA46-4BC5-AF01-96CD59257D0F}.Default|x64.Build.0 = Debug|Any CPU
		{C62873D0-AA46-4BC5-AF01-96CD59257D0F}.Default|x64.Deploy.0 = Debug|Any CPU
		{C62873D0-AA46-4BC5-AF01-96CD59257D0F}.Default|x86.ActiveCfg = Debug|Any CPU
		{C62873D0-AA46-4BC5-AF01-96CD59257D0F}.Default|x86.Build.0 = Debug|Any CPU
		{C62873D0-AA46-4BC5-AF01-96CD59257D0F}.Default|x86.Deploy.0 = Debug|Any CPU
		{C62873D0-AA46-4BC5-AF01-96CD59257D0F}.Release|Any CPU.ActiveCfg = Release|Any CPU
		{C62873D0-AA46-4BC5-AF01-96CD59257D0F}.Release|Any CPU.Build.0 = Release|Any CPU
		{C62873D0-AA46-4BC5-AF01-96CD59257D0F}.Release|Any CPU.Deploy.0 = Release|Any CPU
		{C62873D0-AA46-4BC5-AF01-96CD59257D0F}.Release|ARM.ActiveCfg = Release|Any CPU
		{C62873D0-AA46-4BC5-AF01-96CD59257D0F}.Release|ARM.Build.0 = Release|Any CPU
		{C62873D0-AA46-4BC5-AF01-96CD59257D0F}.Release|ARM.Deploy.0 = Release|Any CPU
		{C62873D0-AA46-4BC5-AF01-96CD59257D0F}.Release|iPhone.ActiveCfg = Release|Any CPU
		{C62873D0-AA46-4BC5-AF01-96CD59257D0F}.Release|iPhone.Build.0 = Release|Any CPU
		{C62873D0-AA46-4BC5-AF01-96CD59257D0F}.Release|iPhone.Deploy.0 = Release|Any CPU
		{C62873D0-AA46-4BC5-AF01-96CD59257D0F}.Release|iPhoneSimulator.ActiveCfg = Release|Any CPU
		{C62873D0-AA46-4BC5-AF01-96CD59257D0F}.Release|iPhoneSimulator.Build.0 = Release|Any CPU
		{C62873D0-AA46-4BC5-AF01-96CD59257D0F}.Release|iPhoneSimulator.Deploy.0 = Release|Any CPU
		{C62873D0-AA46-4BC5-AF01-96CD59257D0F}.Release|x64.ActiveCfg = Release|Any CPU
		{C62873D0-AA46-4BC5-AF01-96CD59257D0F}.Release|x64.Build.0 = Release|Any CPU
		{C62873D0-AA46-4BC5-AF01-96CD59257D0F}.Release|x64.Deploy.0 = Release|Any CPU
		{C62873D0-AA46-4BC5-AF01-96CD59257D0F}.Release|x86.ActiveCfg = Release|Any CPU
		{C62873D0-AA46-4BC5-AF01-96CD59257D0F}.Release|x86.Build.0 = Release|Any CPU
		{C62873D0-AA46-4BC5-AF01-96CD59257D0F}.Release|x86.Deploy.0 = Release|Any CPU
		{2C8ED5AC-E06C-4A33-96EE-A3E93906177D}.Debug|Any CPU.ActiveCfg = Debug|iPhone
		{2C8ED5AC-E06C-4A33-96EE-A3E93906177D}.Debug|ARM.ActiveCfg = Debug|iPhone
		{2C8ED5AC-E06C-4A33-96EE-A3E93906177D}.Debug|iPhone.ActiveCfg = Debug|iPhone
		{2C8ED5AC-E06C-4A33-96EE-A3E93906177D}.Debug|iPhone.Build.0 = Debug|iPhone
		{2C8ED5AC-E06C-4A33-96EE-A3E93906177D}.Debug|iPhoneSimulator.ActiveCfg = Debug|iPhoneSimulator
		{2C8ED5AC-E06C-4A33-96EE-A3E93906177D}.Debug|iPhoneSimulator.Build.0 = Debug|iPhoneSimulator
		{2C8ED5AC-E06C-4A33-96EE-A3E93906177D}.Debug|x64.ActiveCfg = Debug|iPhone
		{2C8ED5AC-E06C-4A33-96EE-A3E93906177D}.Debug|x86.ActiveCfg = Debug|iPhone
		{2C8ED5AC-E06C-4A33-96EE-A3E93906177D}.Default|Any CPU.ActiveCfg = Release|iPhone
		{2C8ED5AC-E06C-4A33-96EE-A3E93906177D}.Default|Any CPU.Build.0 = Release|iPhone
		{2C8ED5AC-E06C-4A33-96EE-A3E93906177D}.Default|ARM.ActiveCfg = Release|iPhone
		{2C8ED5AC-E06C-4A33-96EE-A3E93906177D}.Default|ARM.Build.0 = Release|iPhone
		{2C8ED5AC-E06C-4A33-96EE-A3E93906177D}.Default|iPhone.ActiveCfg = Debug|iPhone
		{2C8ED5AC-E06C-4A33-96EE-A3E93906177D}.Default|iPhone.Build.0 = Debug|iPhone
		{2C8ED5AC-E06C-4A33-96EE-A3E93906177D}.Default|iPhoneSimulator.ActiveCfg = Debug|iPhoneSimulator
		{2C8ED5AC-E06C-4A33-96EE-A3E93906177D}.Default|iPhoneSimulator.Build.0 = Debug|iPhoneSimulator
		{2C8ED5AC-E06C-4A33-96EE-A3E93906177D}.Default|x64.ActiveCfg = Release|iPhone
		{2C8ED5AC-E06C-4A33-96EE-A3E93906177D}.Default|x64.Build.0 = Release|iPhone
		{2C8ED5AC-E06C-4A33-96EE-A3E93906177D}.Default|x86.ActiveCfg = Release|iPhone
		{2C8ED5AC-E06C-4A33-96EE-A3E93906177D}.Default|x86.Build.0 = Release|iPhone
		{2C8ED5AC-E06C-4A33-96EE-A3E93906177D}.Release|Any CPU.ActiveCfg = Release|iPhone
		{2C8ED5AC-E06C-4A33-96EE-A3E93906177D}.Release|ARM.ActiveCfg = Release|iPhone
		{2C8ED5AC-E06C-4A33-96EE-A3E93906177D}.Release|iPhone.ActiveCfg = Release|iPhone
		{2C8ED5AC-E06C-4A33-96EE-A3E93906177D}.Release|iPhone.Build.0 = Release|iPhone
		{2C8ED5AC-E06C-4A33-96EE-A3E93906177D}.Release|iPhoneSimulator.ActiveCfg = Release|iPhoneSimulator
		{2C8ED5AC-E06C-4A33-96EE-A3E93906177D}.Release|iPhoneSimulator.Build.0 = Release|iPhoneSimulator
		{2C8ED5AC-E06C-4A33-96EE-A3E93906177D}.Release|x64.ActiveCfg = Release|iPhone
		{2C8ED5AC-E06C-4A33-96EE-A3E93906177D}.Release|x86.ActiveCfg = Release|iPhone
		{BB00213C-97F9-47B6-BB45-7395DC8C7195}.Debug|Any CPU.ActiveCfg = Debug|Any CPU
		{BB00213C-97F9-47B6-BB45-7395DC8C7195}.Debug|Any CPU.Build.0 = Debug|Any CPU
		{BB00213C-97F9-47B6-BB45-7395DC8C7195}.Debug|ARM.ActiveCfg = Debug|Any CPU
		{BB00213C-97F9-47B6-BB45-7395DC8C7195}.Debug|ARM.Build.0 = Debug|Any CPU
		{BB00213C-97F9-47B6-BB45-7395DC8C7195}.Debug|iPhone.ActiveCfg = Debug|Any CPU
		{BB00213C-97F9-47B6-BB45-7395DC8C7195}.Debug|iPhone.Build.0 = Debug|Any CPU
		{BB00213C-97F9-47B6-BB45-7395DC8C7195}.Debug|iPhoneSimulator.ActiveCfg = Debug|Any CPU
		{BB00213C-97F9-47B6-BB45-7395DC8C7195}.Debug|iPhoneSimulator.Build.0 = Debug|Any CPU
		{BB00213C-97F9-47B6-BB45-7395DC8C7195}.Debug|x64.ActiveCfg = Debug|Any CPU
		{BB00213C-97F9-47B6-BB45-7395DC8C7195}.Debug|x64.Build.0 = Debug|Any CPU
		{BB00213C-97F9-47B6-BB45-7395DC8C7195}.Debug|x86.ActiveCfg = Debug|Any CPU
		{BB00213C-97F9-47B6-BB45-7395DC8C7195}.Debug|x86.Build.0 = Debug|Any CPU
		{BB00213C-97F9-47B6-BB45-7395DC8C7195}.Default|Any CPU.ActiveCfg = Debug|Any CPU
		{BB00213C-97F9-47B6-BB45-7395DC8C7195}.Default|Any CPU.Build.0 = Debug|Any CPU
		{BB00213C-97F9-47B6-BB45-7395DC8C7195}.Default|ARM.ActiveCfg = Debug|Any CPU
		{BB00213C-97F9-47B6-BB45-7395DC8C7195}.Default|ARM.Build.0 = Debug|Any CPU
		{BB00213C-97F9-47B6-BB45-7395DC8C7195}.Default|iPhone.ActiveCfg = Debug|Any CPU
		{BB00213C-97F9-47B6-BB45-7395DC8C7195}.Default|iPhone.Build.0 = Debug|Any CPU
		{BB00213C-97F9-47B6-BB45-7395DC8C7195}.Default|iPhoneSimulator.ActiveCfg = Debug|Any CPU
		{BB00213C-97F9-47B6-BB45-7395DC8C7195}.Default|iPhoneSimulator.Build.0 = Debug|Any CPU
		{BB00213C-97F9-47B6-BB45-7395DC8C7195}.Default|x64.ActiveCfg = Debug|Any CPU
		{BB00213C-97F9-47B6-BB45-7395DC8C7195}.Default|x64.Build.0 = Debug|Any CPU
		{BB00213C-97F9-47B6-BB45-7395DC8C7195}.Default|x86.ActiveCfg = Debug|Any CPU
		{BB00213C-97F9-47B6-BB45-7395DC8C7195}.Default|x86.Build.0 = Debug|Any CPU
		{BB00213C-97F9-47B6-BB45-7395DC8C7195}.Release|Any CPU.ActiveCfg = Release|Any CPU
		{BB00213C-97F9-47B6-BB45-7395DC8C7195}.Release|Any CPU.Build.0 = Release|Any CPU
		{BB00213C-97F9-47B6-BB45-7395DC8C7195}.Release|ARM.ActiveCfg = Release|Any CPU
		{BB00213C-97F9-47B6-BB45-7395DC8C7195}.Release|ARM.Build.0 = Release|Any CPU
		{BB00213C-97F9-47B6-BB45-7395DC8C7195}.Release|iPhone.ActiveCfg = Release|Any CPU
		{BB00213C-97F9-47B6-BB45-7395DC8C7195}.Release|iPhone.Build.0 = Release|Any CPU
		{BB00213C-97F9-47B6-BB45-7395DC8C7195}.Release|iPhoneSimulator.ActiveCfg = Release|Any CPU
		{BB00213C-97F9-47B6-BB45-7395DC8C7195}.Release|iPhoneSimulator.Build.0 = Release|Any CPU
		{BB00213C-97F9-47B6-BB45-7395DC8C7195}.Release|x64.ActiveCfg = Release|Any CPU
		{BB00213C-97F9-47B6-BB45-7395DC8C7195}.Release|x64.Build.0 = Release|Any CPU
		{BB00213C-97F9-47B6-BB45-7395DC8C7195}.Release|x86.ActiveCfg = Release|Any CPU
		{BB00213C-97F9-47B6-BB45-7395DC8C7195}.Release|x86.Build.0 = Release|Any CPU
	EndGlobalSection
	GlobalSection(SolutionProperties) = preSolution
		HideSolutionNode = FALSE
	EndGlobalSection
	GlobalSection(ExtensibilityGlobals) = postSolution
		SolutionGuid = {FD4DA982-14BA-4D3F-9599-4BF32618FAE2}
	EndGlobalSection
EndGlobal
